{
  "name": "airtableTest",
  "version": "1.0.0",
  "lockfileVersion": 2,
  "requires": true,
  "packages": {
    "": {
      "name": "airtableTest",
      "version": "1.0.0",
      "dependencies": {
        "airtable": "^0.11.6"
      },
      "devDependencies": {
        "@figma/plugin-typings": "^1.62.0",
        "typescript": "*"
      }
    },
    "node_modules/@figma/plugin-typings": {
      "version": "1.62.0",
      "resolved": "https://registry.npmjs.org/@figma/plugin-typings/-/plugin-typings-1.62.0.tgz",
      "integrity": "sha512-Pv1DZqsuJJbzVsqgCz1fPPxEdQ1o521jbcMw1MDyM9oerw7QltM8TluR5BrGgBi6Zc8zXE6J6ZuUbzz/x7Bh6A==",
      "dev": true
    },
    "node_modules/@types/node": {
      "version": "14.18.42",
      "resolved": "https://registry.npmjs.org/@types/node/-/node-14.18.42.tgz",
      "integrity": "sha512-xefu+RBie4xWlK8hwAzGh3npDz/4VhF6icY/shU+zv/1fNn+ZVG7T7CRwe9LId9sAYRPxI+59QBPuKL3WpyGRg=="
    },
    "node_modules/abort-controller": {
      "version": "3.0.0",
      "resolved": "https://registry.npmjs.org/abort-controller/-/abort-controller-3.0.0.tgz",
      "integrity": "sha512-h8lQ8tacZYnR3vNQTgibj+tODHI5/+l06Au2Pcriv/Gmet0eaj4TwWH41sO9wnHDiQsEj19q0drzdWdeAHtweg==",
      "dependencies": {
        "event-target-shim": "^5.0.0"
      },
      "engines": {
        "node": ">=6.5"
      }
    },
    "node_modules/abortcontroller-polyfill": {
      "version": "1.7.5",
      "resolved": "https://registry.npmjs.org/abortcontroller-polyfill/-/abortcontroller-polyfill-1.7.5.tgz",
      "integrity": "sha512-JMJ5soJWP18htbbxJjG7bG6yuI6pRhgJ0scHHTfkUjf6wjP912xZWvM+A4sJK3gqd9E8fcPbDnOefbA9Th/FIQ=="
    },
    "node_modules/airtable": {
      "version": "0.11.6",
      "resolved": "https://registry.npmjs.org/airtable/-/airtable-0.11.6.tgz",
      "integrity": "sha512-Na67L2TO1DflIJ1yOGhQG5ilMfL2beHpsR+NW/jhaYOa4QcoxZOtDFs08cpSd1tBMsLpz5/rrz/VMX/pGL/now==",
      "dependencies": {
        "@types/node": ">=8.0.0 <15",
        "abort-controller": "^3.0.0",
        "abortcontroller-polyfill": "^1.4.0",
        "lodash": "^4.17.21",
        "node-fetch": "^2.6.7"
      },
      "engines": {
        "node": ">=8.0.0"
      }
    },
    "node_modules/event-target-shim": {
      "version": "5.0.1",
      "resolved": "https://registry.npmjs.org/event-target-shim/-/event-target-shim-5.0.1.tgz",
      "integrity": "sha512-i/2XbnSz/uxRCU6+NdVJgKWDTM427+MqYbkQzD321DuCQJUqOuJKIA0IM2+W2xtYHdKOmZ4dR6fExsd4SXL+WQ==",
      "engines": {
        "node": ">=6"
      }
    },
    "node_modules/lodash": {
      "version": "4.17.21",
      "resolved": "https://registry.npmjs.org/lodash/-/lodash-4.17.21.tgz",
      "integrity": "sha512-v2kDEe57lecTulaDIuNTPy3Ry4gLGJ6Z1O3vE1krgXZNrsQ+LFTGHVxVjcXPs17LhbZVGedAJv8XZ1tvj5FvSg=="
    },
    "node_modules/node-fetch": {
      "version": "2.6.9",
      "resolved": "https://registry.npmjs.org/node-fetch/-/node-fetch-2.6.9.tgz",
      "integrity": "sha512-DJm/CJkZkRjKKj4Zi4BsKVZh3ValV5IR5s7LVZnW+6YMh0W1BfNA8XSs6DLMGYlId5F3KnA70uu2qepcR08Qqg==",
      "dependencies": {
        "whatwg-url": "^5.0.0"
      },
      "engines": {
        "node": "4.x || >=6.0.0"
      },
      "peerDependencies": {
        "encoding": "^0.1.0"
      },
      "peerDependenciesMeta": {
        "encoding": {
          "optional": true
        }
      }
    },
    "node_modules/tr46": {
      "version": "0.0.3",
      "resolved": "https://registry.npmjs.org/tr46/-/tr46-0.0.3.tgz",
      "integrity": "sha512-N3WMsuqV66lT30CrXNbEjx4GEwlow3v6rr4mCcv6prnfwhS01rkgyFdjPNBYd9br7LpXV1+Emh01fHnq2Gdgrw=="
    },
    "node_modules/typescript": {
      "version": "5.0.3",
      "resolved": "https://registry.npmjs.org/typescript/-/typescript-5.0.3.tgz",
      "integrity": "sha512-xv8mOEDnigb/tN9PSMTwSEqAnUvkoXMQlicOb0IUVDBSQCgBSaAAROUZYy2IcUy5qU6XajK5jjjO7TMWqBTKZA==",
      "dev": true,
      "bin": {
        "tsc": "bin/tsc",
        "tsserver": "bin/tsserver"
      },
      "engines": {
        "node": ">=12.20"
      }
    },
    "node_modules/webidl-conversions": {
      "version": "3.0.1",
      "resolved": "https://registry.npmjs.org/webidl-conversions/-/webidl-conversions-3.0.1.tgz",
      "integrity": "sha512-2JAn3z8AR6rjK8Sm8orRC0h/bcl/DqL7tRPdGZ4I1CjdF+EaMLmYxBHyXuKL849eucPFhvBoxMsflfOb8kxaeQ=="
    },
    "node_modules/whatwg-url": {
      "version": "5.0.0",
      "resolved": "https://registry.npmjs.org/whatwg-url/-/whatwg-url-5.0.0.tgz",
      "integrity": "sha512-saE57nupxk6v3HY35+jzBwYa0rKSy0XR8JSxZPwgLr7ys0IBzhGviA1/TUGJLmSVqs8pb9AnvICXEuOHLprYTw==",
      "dependencies": {
        "tr46": "~0.0.3",
        "webidl-conversions": "^3.0.0"
      }
    }
  },
  "dependencies": {
    "@figma/plugin-typings": {
      "version": "1.62.0",
      "resolved": "https://registry.npmjs.org/@figma/plugin-typings/-/plugin-typings-1.62.0.tgz",
      "integrity": "sha512-Pv1DZqsuJJbzVsqgCz1fPPxEdQ1o521jbcMw1MDyM9oerw7QltM8TluR5BrGgBi6Zc8zXE6J6ZuUbzz/x7Bh6A==",
      "dev": true
    },
    "@types/node": {
      "version": "14.18.42",
      "resolved": "https://registry.npmjs.org/@types/node/-/node-14.18.42.tgz",
      "integrity": "sha512-xefu+RBie4xWlK8hwAzGh3npDz/4VhF6icY/shU+zv/1fNn+ZVG7T7CRwe9LId9sAYRPxI+59QBPuKL3WpyGRg=="
    },
    "abort-controller": {
      "version": "3.0.0",
      "resolved": "https://registry.npmjs.org/abort-controller/-/abort-controller-3.0.0.tgz",
      "integrity": "sha512-h8lQ8tacZYnR3vNQTgibj+tODHI5/+l06Au2Pcriv/Gmet0eaj4TwWH41sO9wnHDiQsEj19q0drzdWdeAHtweg==",
      "requires": {
        "event-target-shim": "^5.0.0"
      }
    },
    "abortcontroller-polyfill": {
      "version": "1.7.5",
      "resolved": "https://registry.npmjs.org/abortcontroller-polyfill/-/abortcontroller-polyfill-1.7.5.tgz",
      "integrity": "sha512-JMJ5soJWP18htbbxJjG7bG6yuI6pRhgJ0scHHTfkUjf6wjP912xZWvM+A4sJK3gqd9E8fcPbDnOefbA9Th/FIQ=="
    },
    "airtable": {
      "version": "0.11.6",
      "resolved": "https://registry.npmjs.org/airtable/-/airtable-0.11.6.tgz",
      "integrity": "sha512-Na67L2TO1DflIJ1yOGhQG5ilMfL2beHpsR+NW/jhaYOa4QcoxZOtDFs08cpSd1tBMsLpz5/rrz/VMX/pGL/now==",
      "requires": {
        "@types/node": ">=8.0.0 <15",
        "abort-controller": "^3.0.0",
        "abortcontroller-polyfill": "^1.4.0",
        "lodash": "^4.17.21",
        "node-fetch": "^2.6.7"
      }
    },
    "event-target-shim": {
      "version": "5.0.1",
      "resolved": "https://registry.npmjs.org/event-target-shim/-/event-target-shim-5.0.1.tgz",
      "integrity": "sha512-i/2XbnSz/uxRCU6+NdVJgKWDTM427+MqYbkQzD321DuCQJUqOuJKIA0IM2+W2xtYHdKOmZ4dR6fExsd4SXL+WQ=="
    },
    "lodash": {
      "version": "4.17.21",
      "resolved": "https://registry.npmjs.org/lodash/-/lodash-4.17.21.tgz",
      "integrity": "sha512-v2kDEe57lecTulaDIuNTPy3Ry4gLGJ6Z1O3vE1krgXZNrsQ+LFTGHVxVjcXPs17LhbZVGedAJv8XZ1tvj5FvSg=="
    },
    "node-fetch": {
      "version": "2.6.9",
      "resolved": "https://registry.npmjs.org/node-fetch/-/node-fetch-2.6.9.tgz",
      "integrity": "sha512-DJm/CJkZkRjKKj4Zi4BsKVZh3ValV5IR5s7LVZnW+6YMh0W1BfNA8XSs6DLMGYlId5F3KnA70uu2qepcR08Qqg==",
      "requires": {
        "whatwg-url": "^5.0.0"
      }
    },
    "tr46": {
      "version": "0.0.3",
      "resolved": "https://registry.npmjs.org/tr46/-/tr46-0.0.3.tgz",
      "integrity": "sha512-N3WMsuqV66lT30CrXNbEjx4GEwlow3v6rr4mCcv6prnfwhS01rkgyFdjPNBYd9br7LpXV1+Emh01fHnq2Gdgrw=="
    },
    "typescript": {
      "version": "5.0.3",
      "resolved": "https://registry.npmjs.org/typescript/-/typescript-5.0.3.tgz",
      "integrity": "sha512-xv8mOEDnigb/tN9PSMTwSEqAnUvkoXMQlicOb0IUVDBSQCgBSaAAROUZYy2IcUy5qU6XajK5jjjO7TMWqBTKZA==",
      "dev": true
    },
    "webidl-conversions": {
      "version": "3.0.1",
      "resolved": "https://registry.npmjs.org/webidl-conversions/-/webidl-conversions-3.0.1.tgz",
      "integrity": "sha512-2JAn3z8AR6rjK8Sm8orRC0h/bcl/DqL7tRPdGZ4I1CjdF+EaMLmYxBHyXuKL849eucPFhvBoxMsflfOb8kxaeQ=="
    },
    "whatwg-url": {
      "version": "5.0.0",
      "resolved": "https://registry.npmjs.org/whatwg-url/-/whatwg-url-5.0.0.tgz",
      "integrity": "sha512-saE57nupxk6v3HY35+jzBwYa0rKSy0XR8JSxZPwgLr7ys0IBzhGviA1/TUGJLmSVqs8pb9AnvICXEuOHLprYTw==",
      "requires": {
        "tr46": "~0.0.3",
        "webidl-conversions": "^3.0.0"
      }
    }
  }
}
